
Microsoft Visual Studio Solution File, Format Version 11.00
# Visual Studio 2010
Project("{8BC9CEB8-8B4A-11D0-8D11-00A0C91BC942}") = "RTGoProLib", "RTGoProLib\RTGoProLib.vcxproj", "{9F99FC34-55E1-4166-BB1A-DB3693AA3CF6}"
EndProject
Project("{8BC9CEB8-8B4A-11D0-8D11-00A0C91BC942}") = "TestApp", "TestApp\TestApp.vcxproj", "{CED66766-EFBD-4317-A1E8-37A12BB09763}"
	ProjectSection(ProjectDependencies) = postProject
		{9F99FC34-55E1-4166-BB1A-DB3693AA3CF6} = {9F99FC34-55E1-4166-BB1A-DB3693AA3CF6}
	EndProjectSection
EndProject
Global
	GlobalSection(SolutionConfigurationPlatforms) = preSolution
		Debug|Win32 = Debug|Win32
		Release|Win32 = Release|Win32
	EndGlobalSection
	GlobalSection(ProjectConfigurationPlatforms) = postSolution
		{9F99FC34-55E1-4166-BB1A-DB3693AA3CF6}.Debug|Win32.ActiveCfg = Debug|Win32
		{9F99FC34-55E1-4166-BB1A-DB3693AA3CF6}.Debug|Win32.Build.0 = Debug|Win32
		{9F99FC34-55E1-4166-BB1A-DB3693AA3CF6}.Release|Win32.ActiveCfg = Release|Win32
		{9F99FC34-55E1-4166-BB1A-DB3693AA3CF6}.Release|Win32.Build.0 = Release|Win32
		{CED66766-EFBD-4317-A1E8-37A12BB09763}.Debug|Win32.ActiveCfg = Debug|Win32
		{CED66766-EFBD-4317-A1E8-37A12BB09763}.Debug|Win32.Build.0 = Debug|Win32
		{CED66766-EFBD-4317-A1E8-37A12BB09763}.Release|Win32.ActiveCfg = Release|Win32
		{CED66766-EFBD-4317-A1E8-37A12BB09763}.Release|Win32.Build.0 = Release|Win32
	EndGlobalSection
	GlobalSection(SolutionProperties) = preSolution
		HideSolutionNode = FALSE
	EndGlobalSection
EndGlobal
